
Microsoft Visual Studio Solution File, Format Version 12.00
# Visual Studio Version 17
VisualStudioVersion = 17.5.33516.290
MinimumVisualStudioVersion = 10.0.40219.1
Project("{9A19103F-16F7-4668-BE54-9A1E7A4F7556}") = "EntityFrameworkCore.ConsoleApp", "EntityFrameworkCore.ConsoleApp.csproj", "{02E63A80-7290-42D5-BBB5-35480D0BC655}"
EndProject
Project("{9A19103F-16F7-4668-BE54-9A1E7A4F7556}") = "EntityFrameworkCore.Data", "..\EntityFrameworkCore.Data\EntityFrameworkCore.Data.csproj", "{28B2E2B8-9AB0-4276-9DA9-6A945D376E15}"
EndProject
Project("{9A19103F-16F7-4668-BE54-9A1E7A4F7556}") = "EntityFrameworkCore.Domain", "..\EntityFrameworkCore.Domain\EntityFrameworkCore.Domain.csproj", "{52F4272C-230E-48F5-A107-021322037071}"
EndProject
Project("{FAE04EC0-301F-11D3-BF4B-00C04F79EFBC}") = "EntityFrameworkCore.ConsoleApp.ScaffoldDB", "..\EntityFrameworkCore.ConsoleApp.ScaffoldDB\EntityFrameworkCore.ConsoleApp.ScaffoldDB.csproj", "{D8000935-22B7-425F-98F8-2D059C75C904}"
EndProject
Global
	GlobalSection(SolutionConfigurationPlatforms) = preSolution
		Debug|Any CPU = Debug|Any CPU
		Release|Any CPU = Release|Any CPU
	EndGlobalSection
	GlobalSection(ProjectConfigurationPlatforms) = postSolution
		{02E63A80-7290-42D5-BBB5-35480D0BC655}.Debug|Any CPU.ActiveCfg = Debug|Any CPU
		{02E63A80-7290-42D5-BBB5-35480D0BC655}.Debug|Any CPU.Build.0 = Debug|Any CPU
		{02E63A80-7290-42D5-BBB5-35480D0BC655}.Release|Any CPU.ActiveCfg = Release|Any CPU
		{02E63A80-7290-42D5-BBB5-35480D0BC655}.Release|Any CPU.Build.0 = Release|Any CPU
		{28B2E2B8-9AB0-4276-9DA9-6A945D376E15}.Debug|Any CPU.ActiveCfg = Debug|Any CPU
		{28B2E2B8-9AB0-4276-9DA9-6A945D376E15}.Debug|Any CPU.Build.0 = Debug|Any CPU
		{28B2E2B8-9AB0-4276-9DA9-6A945D376E15}.Release|Any CPU.ActiveCfg = Release|Any CPU
		{28B2E2B8-9AB0-4276-9DA9-6A945D376E15}.Release|Any CPU.Build.0 = Release|Any CPU
		{52F4272C-230E-48F5-A107-021322037071}.Debug|Any CPU.ActiveCfg = Debug|Any CPU
		{52F4272C-230E-48F5-A107-021322037071}.Debug|Any CPU.Build.0 = Debug|Any CPU
		{52F4272C-230E-48F5-A107-021322037071}.Release|Any CPU.ActiveCfg = Release|Any CPU
		{52F4272C-230E-48F5-A107-021322037071}.Release|Any CPU.Build.0 = Release|Any CPU
		{D8000935-22B7-425F-98F8-2D059C75C904}.Debug|Any CPU.ActiveCfg = Debug|Any CPU
		{D8000935-22B7-425F-98F8-2D059C75C904}.Debug|Any CPU.Build.0 = Debug|Any CPU
		{D8000935-22B7-425F-98F8-2D059C75C904}.Release|Any CPU.ActiveCfg = Release|Any CPU
		{D8000935-22B7-425F-98F8-2D059C75C904}.Release|Any CPU.Build.0 = Release|Any CPU
	EndGlobalSection
	GlobalSection(SolutionProperties) = preSolution
		HideSolutionNode = FALSE
	EndGlobalSection
	GlobalSection(ExtensibilityGlobals) = postSolution
		SolutionGuid = {FB02D0F2-9172-401F-ACA5-674CCD62D989}
	EndGlobalSection
EndGlobal
